
Microsoft Visual Studio Solution File, Format Version 12.00
# Visual Studio Version 17
VisualStudioVersion = 17.9.34607.119
MinimumVisualStudioVersion = 10.0.40219.1
Project("{9A19103F-16F7-4668-BE54-9A1E7A4F7556}") = "mulu", "mulu\mulu.csproj", "{8710E9B6-D33B-42A8-B4AF-18E9B8DE37C9}"
EndProject
Project("{9A19103F-16F7-4668-BE54-9A1E7A4F7556}") = "muluInject", "muluInject\muluInject.csproj", "{C212E667-6383-44EB-BF9A-AE40D7F8F7F4}"
EndProject
Global
	GlobalSection(SolutionConfigurationPlatforms) = preSolution
		Debug|Any CPU = Debug|Any CPU
		Release|Any CPU = Release|Any CPU
	EndGlobalSection
	GlobalSection(ProjectConfigurationPlatforms) = postSolution
		{8710E9B6-D33B-42A8-B4AF-18E9B8DE37C9}.Debug|Any CPU.ActiveCfg = Debug|Any CPU
		{8710E9B6-D33B-42A8-B4AF-18E9B8DE37C9}.Debug|Any CPU.Build.0 = Debug|Any CPU
		{8710E9B6-D33B-42A8-B4AF-18E9B8DE37C9}.Release|Any CPU.ActiveCfg = Release|Any CPU
		{8710E9B6-D33B-42A8-B4AF-18E9B8DE37C9}.Release|Any CPU.Build.0 = Release|Any CPU
		{C212E667-6383-44EB-BF9A-AE40D7F8F7F4}.Debug|Any CPU.ActiveCfg = Debug|Any CPU
		{C212E667-6383-44EB-BF9A-AE40D7F8F7F4}.Debug|Any CPU.Build.0 = Debug|Any CPU
		{C212E667-6383-44EB-BF9A-AE40D7F8F7F4}.Release|Any CPU.ActiveCfg = Release|Any CPU
		{C212E667-6383-44EB-BF9A-AE40D7F8F7F4}.Release|Any CPU.Build.0 = Release|Any CPU
	EndGlobalSection
	GlobalSection(SolutionProperties) = preSolution
		HideSolutionNode = FALSE
	EndGlobalSection
	GlobalSection(ExtensibilityGlobals) = postSolution
		SolutionGuid = {4F56C197-8013-478E-8BDD-892F7AF3505F}
	EndGlobalSection
EndGlobal
